
Microsoft Visual Studio Solution File, Format Version 12.00
# Visual Studio Version 17
VisualStudioVersion = 17.9.34714.143
MinimumVisualStudioVersion = 10.0.40219.1
Project("{FAE04EC0-301F-11D3-BF4B-00C04F79EFBC}") = "knn-algorithm-implementation-demo", "knn-algorithm-implementation-demo.csproj", "{6CB1532D-40DB-4768-9B38-229F6BA082DD}"
EndProject
Global
	GlobalSection(SolutionConfigurationPlatforms) = preSolution
		Debug|Any CPU = Debug|Any CPU
		Release|Any CPU = Release|Any CPU
	EndGlobalSection
	GlobalSection(ProjectConfigurationPlatforms) = postSolution
		{6CB1532D-40DB-4768-9B38-229F6BA082DD}.Debug|Any CPU.ActiveCfg = Debug|Any CPU
		{6CB1532D-40DB-4768-9B38-229F6BA082DD}.Debug|Any CPU.Build.0 = Debug|Any CPU
		{6CB1532D-40DB-4768-9B38-229F6BA082DD}.Release|Any CPU.ActiveCfg = Release|Any CPU
		{6CB1532D-40DB-4768-9B38-229F6BA082DD}.Release|Any CPU.Build.0 = Release|Any CPU
	EndGlobalSection
	GlobalSection(SolutionProperties) = preSolution
		HideSolutionNode = FALSE
	EndGlobalSection
	GlobalSection(ExtensibilityGlobals) = postSolution
		SolutionGuid = {A3570E70-353D-4644-AFD6-0650F1CB1F2F}
	EndGlobalSection
EndGlobal
